
Microsoft Visual Studio Solution File, Format Version 12.00
# Visual Studio 14
VisualStudioVersion = 14.0.25420.1
MinimumVisualStudioVersion = 10.0.40219.1
Project("{FAE04EC0-301F-11D3-BF4B-00C04F79EFBC}") = "MxExcelTool", "MxExcelTool.csproj", "{06F172CE-3BFD-41F6-B438-6507C3EC40FD}"
EndProject
Project("{FAE04EC0-301F-11D3-BF4B-00C04F79EFBC}") = "FastExcel", "FastExcel\FastExcel.csproj", "{78B95CB9-679F-4EAF-9ADB-08EE175E351F}"
EndProject
Project("{2150E333-8FDC-42A3-9474-1A3956D46DE8}") = ".nuget", ".nuget", "{87380638-CF2B-40E0-9525-3A38FA530621}"
	ProjectSection(SolutionItems) = preProject
		.nuget\NuGet.Config = .nuget\NuGet.Config
		.nuget\NuGet.targets = .nuget\NuGet.targets
	EndProjectSection
EndProject
Project("{911E67C6-3D85-4FCE-B560-20A9C3E3FF48}") = "NuGet", ".nuget\NuGet.exe", "{95198296-07F7-4BBC-A4C2-9F44054C24EB}"
	ProjectSection(DebuggerProjectSystem) = preProject
		PortSupplier = 00000000-0000-0000-0000-000000000000
		Executable = F:\Developmentspace\MxExcelTool\MxExcelTool\.nuget\NuGet.exe
		RemoteMachine = MAXICE-PC
		StartingDirectory = F:\Developmentspace\MxExcelTool\MxExcelTool\.nuget
		Environment = Default
		LaunchingEngine = 00000000-0000-0000-0000-000000000000
		UseLegacyDebugEngines = No
		LaunchSQLEngine = No
		AttachLaunchAction = No
	EndProjectSection
EndProject
Global
	GlobalSection(SolutionConfigurationPlatforms) = preSolution
		Debug|Any CPU = Debug|Any CPU
		Debug|x86 = Debug|x86
		Release|Any CPU = Release|Any CPU
		Release|x86 = Release|x86
	EndGlobalSection
	GlobalSection(ProjectConfigurationPlatforms) = postSolution
		{06F172CE-3BFD-41F6-B438-6507C3EC40FD}.Debug|Any CPU.ActiveCfg = Debug|Any CPU
		{06F172CE-3BFD-41F6-B438-6507C3EC40FD}.Debug|Any CPU.Build.0 = Debug|Any CPU
		{06F172CE-3BFD-41F6-B438-6507C3EC40FD}.Debug|x86.ActiveCfg = Debug|Any CPU
		{06F172CE-3BFD-41F6-B438-6507C3EC40FD}.Debug|x86.Build.0 = Debug|Any CPU
		{06F172CE-3BFD-41F6-B438-6507C3EC40FD}.Release|Any CPU.ActiveCfg = Release|Any CPU
		{06F172CE-3BFD-41F6-B438-6507C3EC40FD}.Release|Any CPU.Build.0 = Release|Any CPU
		{06F172CE-3BFD-41F6-B438-6507C3EC40FD}.Release|x86.ActiveCfg = Release|Any CPU
		{06F172CE-3BFD-41F6-B438-6507C3EC40FD}.Release|x86.Build.0 = Release|Any CPU
		{78B95CB9-679F-4EAF-9ADB-08EE175E351F}.Debug|Any CPU.ActiveCfg = Debug|Any CPU
		{78B95CB9-679F-4EAF-9ADB-08EE175E351F}.Debug|Any CPU.Build.0 = Debug|Any CPU
		{78B95CB9-679F-4EAF-9ADB-08EE175E351F}.Debug|x86.ActiveCfg = Debug|Any CPU
		{78B95CB9-679F-4EAF-9ADB-08EE175E351F}.Debug|x86.Build.0 = Debug|Any CPU
		{78B95CB9-679F-4EAF-9ADB-08EE175E351F}.Release|Any CPU.ActiveCfg = Release|Any CPU
		{78B95CB9-679F-4EAF-9ADB-08EE175E351F}.Release|Any CPU.Build.0 = Release|Any CPU
		{78B95CB9-679F-4EAF-9ADB-08EE175E351F}.Release|x86.ActiveCfg = Release|Any CPU
		{78B95CB9-679F-4EAF-9ADB-08EE175E351F}.Release|x86.Build.0 = Release|Any CPU
		{95198296-07F7-4BBC-A4C2-9F44054C24EB}.Debug|Any CPU.ActiveCfg = Release
		{95198296-07F7-4BBC-A4C2-9F44054C24EB}.Debug|x86.ActiveCfg = Release
		{95198296-07F7-4BBC-A4C2-9F44054C24EB}.Release|Any CPU.ActiveCfg = Release
		{95198296-07F7-4BBC-A4C2-9F44054C24EB}.Release|x86.ActiveCfg = Release
	EndGlobalSection
	GlobalSection(SolutionProperties) = preSolution
		HideSolutionNode = FALSE
	EndGlobalSection
	GlobalSection(NestedProjects) = preSolution
		{95198296-07F7-4BBC-A4C2-9F44054C24EB} = {87380638-CF2B-40E0-9525-3A38FA530621}
	EndGlobalSection
EndGlobal
